
Microsoft Visual Studio Solution File, Format Version 12.00
# Visual Studio Version 16
VisualStudioVersion = 16.0.29613.14
MinimumVisualStudioVersion = 10.0.40219.1
Project("{8BC9CEB8-8B4A-11D0-8D11-00A0C91BC942}") = "HelloWorld", "HelloWorld\HelloWorld.vcxproj", "{C765ACB8-A240-4A12-8824-8488F9FF1D33}"
EndProject
Global
	GlobalSection(SolutionConfigurationPlatforms) = preSolution
		Debug|x64 = Debug|x64
		Debug|x86 = Debug|x86
		Release|x64 = Release|x64
		Release|x86 = Release|x86
	EndGlobalSection
	GlobalSection(ProjectConfigurationPlatforms) = postSolution
		{C765ACB8-A240-4A12-8824-8488F9FF1D33}.Debug|x64.ActiveCfg = Debug|x64
		{C765ACB8-A240-4A12-8824-8488F9FF1D33}.Debug|x64.Build.0 = Debug|x64
		{C765ACB8-A240-4A12-8824-8488F9FF1D33}.Debug|x86.ActiveCfg = Debug|Win32
		{C765ACB8-A240-4A12-8824-8488F9FF1D33}.Debug|x86.Build.0 = Debug|Win32
		{C765ACB8-A240-4A12-8824-8488F9FF1D33}.Release|x64.ActiveCfg = Release|x64
		{C765ACB8-A240-4A12-8824-8488F9FF1D33}.Release|x64.Build.0 = Release|x64
		{C765ACB8-A240-4A12-8824-8488F9FF1D33}.Release|x86.ActiveCfg = Release|Win32
		{C765ACB8-A240-4A12-8824-8488F9FF1D33}.Release|x86.Build.0 = Release|Win32
	EndGlobalSection
	GlobalSection(SolutionProperties) = preSolution
		HideSolutionNode = FALSE
	EndGlobalSection
	GlobalSection(ExtensibilityGlobals) = postSolution
		SolutionGuid = {5A811DCD-E2E2-4359-9BCF-7B3A9FE4AACF}
	EndGlobalSection
EndGlobal
